
Microsoft Visual Studio Solution File, Format Version 12.00
# Visual Studio 14
VisualStudioVersion = 14.0.25420.1
MinimumVisualStudioVersion = 10.0.40219.1
Project("{FAE04EC0-301F-11D3-BF4B-00C04F79EFBC}") = "Web", "casinogamesMVC\Web.csproj", "{5888BD90-5F9A-4965-A5A4-30B6629D4151}"
EndProject
Project("{FAE04EC0-301F-11D3-BF4B-00C04F79EFBC}") = "Resources", "casinogamesMVC_Resource\Resources.csproj", "{E939E613-F450-44D0-92C9-012DED90844C}"
EndProject
Global
	GlobalSection(SolutionConfigurationPlatforms) = preSolution
		Debug|Any CPU = Debug|Any CPU
		Release|Any CPU = Release|Any CPU
	EndGlobalSection
	GlobalSection(ProjectConfigurationPlatforms) = postSolution
		{5888BD90-5F9A-4965-A5A4-30B6629D4151}.Debug|Any CPU.ActiveCfg = Debug|Any CPU
		{5888BD90-5F9A-4965-A5A4-30B6629D4151}.Debug|Any CPU.Build.0 = Debug|Any CPU
		{5888BD90-5F9A-4965-A5A4-30B6629D4151}.Release|Any CPU.ActiveCfg = Release|Any CPU
		{5888BD90-5F9A-4965-A5A4-30B6629D4151}.Release|Any CPU.Build.0 = Release|Any CPU
		{E939E613-F450-44D0-92C9-012DED90844C}.Debug|Any CPU.ActiveCfg = Debug|Any CPU
		{E939E613-F450-44D0-92C9-012DED90844C}.Debug|Any CPU.Build.0 = Debug|Any CPU
		{E939E613-F450-44D0-92C9-012DED90844C}.Release|Any CPU.ActiveCfg = Release|Any CPU
		{E939E613-F450-44D0-92C9-012DED90844C}.Release|Any CPU.Build.0 = Release|Any CPU
	EndGlobalSection
	GlobalSection(SolutionProperties) = preSolution
		HideSolutionNode = FALSE
	EndGlobalSection
	GlobalSection(TeamFoundationVersionControl) = preSolution
		SccNumberOfProjects = 3
		SccEnterpriseProvider = {4CA58AB2-18FA-4F8D-95D4-32DDF27D184C}
		SccTeamFoundationServer = https://incloux.visualstudio.com/
		SccLocalPath0 = .
		SccProjectUniqueName1 = casinogamesMVC\\Web.csproj
		SccProjectName1 = casinogamesMVC
		SccLocalPath1 = casinogamesMVC
		SccProjectUniqueName2 = casinogamesMVC_Resource\\Resources.csproj
		SccProjectName2 = casinogamesMVC_Resource
		SccLocalPath2 = casinogamesMVC_Resource
	EndGlobalSection
EndGlobal
